
Microsoft Visual Studio Solution File, Format Version 12.00
# Visual Studio 15
Project("{FAE04EC0-301F-11D3-BF4B-00C04F79EFBC}") = "OdeToFood", "OdeToFood\OdeToFood.csproj", "{443CB881-4433-4001-8555-33009EB4337F}"
EndProject
Global
	GlobalSection(SolutionConfigurationPlatforms) = preSolution
		Debug|Any CPU = Debug|Any CPU
		Release|Any CPU = Release|Any CPU
	EndGlobalSection
	GlobalSection(ProjectConfigurationPlatforms) = postSolution
		{443CB881-4433-4001-8555-33009EB4337F}.Debug|Any CPU.ActiveCfg = Debug|Any CPU
		{443CB881-4433-4001-8555-33009EB4337F}.Debug|Any CPU.Build.0 = Debug|Any CPU
		{443CB881-4433-4001-8555-33009EB4337F}.Release|Any CPU.ActiveCfg = Release|Any CPU
		{443CB881-4433-4001-8555-33009EB4337F}.Release|Any CPU.Build.0 = Release|Any CPU
	EndGlobalSection
EndGlobal
